
Microsoft Visual Studio Solution File, Format Version 12.00
# Visual Studio Version 17
VisualStudioVersion = 17.14.36511.14 d17.14
MinimumVisualStudioVersion = 10.0.40219.1
Project("{FAE04EC0-301F-11D3-BF4B-00C04F79EFBC}") = "HSEBank", "HSEBank\HSEBank.csproj", "{0DD34D4C-DD2B-4F7F-8ED6-072AF83BA473}"
EndProject
Project("{2150E333-8FDC-42A3-9474-1A3956D46DE8}") = "Solution Items", "Solution Items", "{02EA681E-C7D8-13C7-8484-4AC65E1B71E8}"
EndProject
Global
	GlobalSection(SolutionConfigurationPlatforms) = preSolution
		Debug|Any CPU = Debug|Any CPU
		Release|Any CPU = Release|Any CPU
	EndGlobalSection
	GlobalSection(ProjectConfigurationPlatforms) = postSolution
		{0DD34D4C-DD2B-4F7F-8ED6-072AF83BA473}.Debug|Any CPU.ActiveCfg = Debug|Any CPU
		{0DD34D4C-DD2B-4F7F-8ED6-072AF83BA473}.Debug|Any CPU.Build.0 = Debug|Any CPU
		{0DD34D4C-DD2B-4F7F-8ED6-072AF83BA473}.Release|Any CPU.ActiveCfg = Release|Any CPU
		{0DD34D4C-DD2B-4F7F-8ED6-072AF83BA473}.Release|Any CPU.Build.0 = Release|Any CPU
	EndGlobalSection
	GlobalSection(SolutionProperties) = preSolution
		HideSolutionNode = FALSE
	EndGlobalSection
	GlobalSection(ExtensibilityGlobals) = postSolution
		SolutionGuid = {8B7091C1-5A9A-4401-A686-ACD013295562}
	EndGlobalSection
EndGlobal
